
Microsoft Visual Studio Solution File, Format Version 12.00
# Visual Studio Express 2012 for Windows Desktop
Project("{FAE04EC0-301F-11D3-BF4B-00C04F79EFBC}") = "ElectricalSystemSimulator", "ElectricalSystemSimulator\ElectricalSystemSimulator.csproj", "{29506402-F198-4758-AF19-14F0BBA95A05}"
EndProject
Project("{FAE04EC0-301F-11D3-BF4B-00C04F79EFBC}") = "ElectricalSystemv2", "ElectricalSystemv2\ElectricalSystemv2.csproj", "{3BE66B60-C174-42AE-BE90-5F8900408196}"
EndProject
Project("{FAE04EC0-301F-11D3-BF4B-00C04F79EFBC}") = "ElectricalSystemUI", "ElectricalSystemUI\ElectricalSystemUI.csproj", "{66BC6907-EA86-4D38-B463-4EE076F96B6C}"
EndProject
Global
	GlobalSection(SolutionConfigurationPlatforms) = preSolution
		Debug|Any CPU = Debug|Any CPU
		Release|Any CPU = Release|Any CPU
	EndGlobalSection
	GlobalSection(ProjectConfigurationPlatforms) = postSolution
		{29506402-F198-4758-AF19-14F0BBA95A05}.Debug|Any CPU.ActiveCfg = Debug|Any CPU
		{29506402-F198-4758-AF19-14F0BBA95A05}.Debug|Any CPU.Build.0 = Debug|Any CPU
		{29506402-F198-4758-AF19-14F0BBA95A05}.Release|Any CPU.ActiveCfg = Release|Any CPU
		{29506402-F198-4758-AF19-14F0BBA95A05}.Release|Any CPU.Build.0 = Release|Any CPU
		{3BE66B60-C174-42AE-BE90-5F8900408196}.Debug|Any CPU.ActiveCfg = Debug|Any CPU
		{3BE66B60-C174-42AE-BE90-5F8900408196}.Debug|Any CPU.Build.0 = Debug|Any CPU
		{3BE66B60-C174-42AE-BE90-5F8900408196}.Release|Any CPU.ActiveCfg = Release|Any CPU
		{3BE66B60-C174-42AE-BE90-5F8900408196}.Release|Any CPU.Build.0 = Release|Any CPU
		{66BC6907-EA86-4D38-B463-4EE076F96B6C}.Debug|Any CPU.ActiveCfg = Debug|Any CPU
		{66BC6907-EA86-4D38-B463-4EE076F96B6C}.Debug|Any CPU.Build.0 = Debug|Any CPU
		{66BC6907-EA86-4D38-B463-4EE076F96B6C}.Release|Any CPU.ActiveCfg = Release|Any CPU
		{66BC6907-EA86-4D38-B463-4EE076F96B6C}.Release|Any CPU.Build.0 = Release|Any CPU
	EndGlobalSection
	GlobalSection(SolutionProperties) = preSolution
		HideSolutionNode = FALSE
	EndGlobalSection
EndGlobal
